
Microsoft Visual Studio Solution File, Format Version 12.00
# Visual Studio 15
VisualStudioVersion = 15.0.28307.489
MinimumVisualStudioVersion = 10.0.40219.1
Project("{8BC9CEB8-8B4A-11D0-8D11-00A0C91BC942}") = "Subtraction", "Subtraction\Subtraction.vcxproj", "{B133C3A5-E06E-4C28-8CC4-B5CF6B9279AE}"
EndProject
Global
	GlobalSection(SolutionConfigurationPlatforms) = preSolution
		Debug|x64 = Debug|x64
		Debug|x86 = Debug|x86
		Release|x64 = Release|x64
		Release|x86 = Release|x86
	EndGlobalSection
	GlobalSection(ProjectConfigurationPlatforms) = postSolution
		{B133C3A5-E06E-4C28-8CC4-B5CF6B9279AE}.Debug|x64.ActiveCfg = Debug|x64
		{B133C3A5-E06E-4C28-8CC4-B5CF6B9279AE}.Debug|x64.Build.0 = Debug|x64
		{B133C3A5-E06E-4C28-8CC4-B5CF6B9279AE}.Debug|x86.ActiveCfg = Debug|Win32
		{B133C3A5-E06E-4C28-8CC4-B5CF6B9279AE}.Debug|x86.Build.0 = Debug|Win32
		{B133C3A5-E06E-4C28-8CC4-B5CF6B9279AE}.Release|x64.ActiveCfg = Release|x64
		{B133C3A5-E06E-4C28-8CC4-B5CF6B9279AE}.Release|x64.Build.0 = Release|x64
		{B133C3A5-E06E-4C28-8CC4-B5CF6B9279AE}.Release|x86.ActiveCfg = Release|Win32
		{B133C3A5-E06E-4C28-8CC4-B5CF6B9279AE}.Release|x86.Build.0 = Release|Win32
	EndGlobalSection
	GlobalSection(SolutionProperties) = preSolution
		HideSolutionNode = FALSE
	EndGlobalSection
	GlobalSection(ExtensibilityGlobals) = postSolution
		SolutionGuid = {3754EA9E-B21D-4F85-ABD3-B820EB8B6949}
	EndGlobalSection
EndGlobal
